
Microsoft Visual Studio Solution File, Format Version 12.00
# Visual Studio 2012
Project("{FAE04EC0-301F-11D3-BF4B-00C04F79EFBC}") = "UnityVS.DSOW.CSharp.Editor", "UnityVS.DSOW.CSharp.Editor.csproj", "{415365AA-81A7-F026-DE3F-9470E6AA3555}"
EndProject
Project("{FAE04EC0-301F-11D3-BF4B-00C04F79EFBC}") = "UnityVS.DSOW.CSharp.Plugins", "UnityVS.DSOW.CSharp.Plugins.csproj", "{97172C09-03C7-DBE5-C4C5-3D8EBB764D14}"
EndProject
Project("{FAE04EC0-301F-11D3-BF4B-00C04F79EFBC}") = "UnityVS.DSOW.CSharp", "UnityVS.DSOW.CSharp.csproj", "{8260F5DC-C5F9-37B0-B03A-88010BD841B0}"
EndProject
Global
	GlobalSection(SolutionConfigurationPlatforms) = preSolution
		Debug|Any CPU = Debug|Any CPU
		Release|Any CPU = Release|Any CPU
	EndGlobalSection
	GlobalSection(ProjectConfigurationPlatforms) = postSolution
		{415365AA-81A7-F026-DE3F-9470E6AA3555}.Debug|Any CPU.ActiveCfg = Debug|Any CPU
		{415365AA-81A7-F026-DE3F-9470E6AA3555}.Debug|Any CPU.Build.0 = Debug|Any CPU
		{415365AA-81A7-F026-DE3F-9470E6AA3555}.Release|Any CPU.ActiveCfg = Release|Any CPU
		{415365AA-81A7-F026-DE3F-9470E6AA3555}.Release|Any CPU.Build.0 = Release|Any CPU
		{97172C09-03C7-DBE5-C4C5-3D8EBB764D14}.Debug|Any CPU.ActiveCfg = Debug|Any CPU
		{97172C09-03C7-DBE5-C4C5-3D8EBB764D14}.Debug|Any CPU.Build.0 = Debug|Any CPU
		{97172C09-03C7-DBE5-C4C5-3D8EBB764D14}.Release|Any CPU.ActiveCfg = Release|Any CPU
		{97172C09-03C7-DBE5-C4C5-3D8EBB764D14}.Release|Any CPU.Build.0 = Release|Any CPU
		{8260F5DC-C5F9-37B0-B03A-88010BD841B0}.Debug|Any CPU.ActiveCfg = Debug|Any CPU
		{8260F5DC-C5F9-37B0-B03A-88010BD841B0}.Debug|Any CPU.Build.0 = Debug|Any CPU
		{8260F5DC-C5F9-37B0-B03A-88010BD841B0}.Release|Any CPU.ActiveCfg = Release|Any CPU
		{8260F5DC-C5F9-37B0-B03A-88010BD841B0}.Release|Any CPU.Build.0 = Release|Any CPU
	EndGlobalSection
	GlobalSection(SolutionProperties) = preSolution
		HideSolutionNode = FALSE
	EndGlobalSection
EndGlobal
